
Microsoft Visual Studio Solution File, Format Version 12.00
# Visual Studio Version 17
VisualStudioVersion = 17.13.35828.75 d17.13
MinimumVisualStudioVersion = 10.0.40219.1
Project("{FAE04EC0-301F-11D3-BF4B-00C04F79EFBC}") = "Group2_ASP.net", "Group2_ASP.net\Group2_ASP.net.csproj", "{5ED87476-CA52-4660-891B-A0432D1C7BED}"
EndProject
Global
	GlobalSection(SolutionConfigurationPlatforms) = preSolution
		Debug|Any CPU = Debug|Any CPU
		Release|Any CPU = Release|Any CPU
	EndGlobalSection
	GlobalSection(ProjectConfigurationPlatforms) = postSolution
		{5ED87476-CA52-4660-891B-A0432D1C7BED}.Debug|Any CPU.ActiveCfg = Debug|Any CPU
		{5ED87476-CA52-4660-891B-A0432D1C7BED}.Debug|Any CPU.Build.0 = Debug|Any CPU
		{5ED87476-CA52-4660-891B-A0432D1C7BED}.Release|Any CPU.ActiveCfg = Release|Any CPU
		{5ED87476-CA52-4660-891B-A0432D1C7BED}.Release|Any CPU.Build.0 = Release|Any CPU
	EndGlobalSection
	GlobalSection(SolutionProperties) = preSolution
		HideSolutionNode = FALSE
	EndGlobalSection
	GlobalSection(ExtensibilityGlobals) = postSolution
		SolutionGuid = {97B9279A-7402-4871-96E9-98396C448E7B}
	EndGlobalSection
EndGlobal
